
Microsoft Visual Studio Solution File, Format Version 12.00
# Visual Studio Version 17
VisualStudioVersion = 17.0.31903.59
MinimumVisualStudioVersion = 10.0.40219.1
Project("{FAE04EC0-301F-11D3-BF4B-00C04F79EFBC}") = "BikeMate.Mobile", "BikeMate.Mobile\BikeMate.Mobile.csproj", "{2871988A-1C38-4EE2-AAA0-52BBC9DF74B0}"
EndProject
Project("{FAE04EC0-301F-11D3-BF4B-00C04F79EFBC}") = "BikeMate.Core", "BikeMate.Core\BikeMate.Core.csproj", "{44F88FE0-A6C1-497A-9CE9-5A6728A0D744}"
EndProject
Project("{FAE04EC0-301F-11D3-BF4B-00C04F79EFBC}") = "BikeMate.Api", "BikeMate.Api\BikeMate.Api.csproj", "{ECF457DD-D472-4B49-A8FF-526FEC249454}"
EndProject
Project("{FAE04EC0-301F-11D3-BF4B-00C04F79EFBC}") = "BikeMate.Infrastructure", "BikeMate.Infrastructure\BikeMate.Infrastructure.csproj", "{17660BDC-DFCC-498F-AA28-E1A511C72236}"
EndProject
Project("{FAE04EC0-301F-11D3-BF4B-00C04F79EFBC}") = "BikeMate.Tests", "BikeMate.Tests\BikeMate.Tests.csproj", "{D2A480E2-9DF1-4D1C-BC5E-0D5F9DBC8A27}"
EndProject
Project("{FAE04EC0-301F-11D3-BF4B-00C04F79EFBC}") = "BIKEMATES_ADMIN", "BIKEMATES_ADMIN\BIKEMATES_ADMIN.csproj", "{6A1EA102-C647-4404-A7FC-82FB15D975C9}"
EndProject
Project("{2150E333-8FDC-42A3-9474-1A3956D46DE8}") = "BikeMate.WebAdmin", "BikeMate.WebAdmin", "{1B344C12-8183-67D2-8517-2609FFAC47E2}"
EndProject
Project("{FAE04EC0-301F-11D3-BF4B-00C04F79EFBC}") = "BikeMate.WebAdmin", "BikeMate.WebAdmin\BikeMate.WebAdmin\BikeMate.WebAdmin.csproj", "{7210B2C7-011D-462B-B0D5-27DB5DE5A704}"
EndProject
Global
	GlobalSection(SolutionConfigurationPlatforms) = preSolution
		Debug|Any CPU = Debug|Any CPU
		Debug|x64 = Debug|x64
		Debug|x86 = Debug|x86
		Release|Any CPU = Release|Any CPU
		Release|x64 = Release|x64
		Release|x86 = Release|x86
	EndGlobalSection
	GlobalSection(ProjectConfigurationPlatforms) = postSolution
		{2871988A-1C38-4EE2-AAA0-52BBC9DF74B0}.Debug|Any CPU.ActiveCfg = Debug|Any CPU
		{2871988A-1C38-4EE2-AAA0-52BBC9DF74B0}.Debug|Any CPU.Build.0 = Debug|Any CPU
		{2871988A-1C38-4EE2-AAA0-52BBC9DF74B0}.Debug|x64.ActiveCfg = Debug|Any CPU
		{2871988A-1C38-4EE2-AAA0-52BBC9DF74B0}.Debug|x64.Build.0 = Debug|Any CPU
		{2871988A-1C38-4EE2-AAA0-52BBC9DF74B0}.Debug|x86.ActiveCfg = Debug|Any CPU
		{2871988A-1C38-4EE2-AAA0-52BBC9DF74B0}.Debug|x86.Build.0 = Debug|Any CPU
		{2871988A-1C38-4EE2-AAA0-52BBC9DF74B0}.Release|Any CPU.ActiveCfg = Release|Any CPU
		{2871988A-1C38-4EE2-AAA0-52BBC9DF74B0}.Release|Any CPU.Build.0 = Release|Any CPU
		{2871988A-1C38-4EE2-AAA0-52BBC9DF74B0}.Release|x64.ActiveCfg = Release|Any CPU
		{2871988A-1C38-4EE2-AAA0-52BBC9DF74B0}.Release|x64.Build.0 = Release|Any CPU
		{2871988A-1C38-4EE2-AAA0-52BBC9DF74B0}.Release|x86.ActiveCfg = Release|Any CPU
		{2871988A-1C38-4EE2-AAA0-52BBC9DF74B0}.Release|x86.Build.0 = Release|Any CPU
		{44F88FE0-A6C1-497A-9CE9-5A6728A0D744}.Debug|Any CPU.ActiveCfg = Debug|Any CPU
		{44F88FE0-A6C1-497A-9CE9-5A6728A0D744}.Debug|Any CPU.Build.0 = Debug|Any CPU
		{44F88FE0-A6C1-497A-9CE9-5A6728A0D744}.Debug|x64.ActiveCfg = Debug|Any CPU
		{44F88FE0-A6C1-497A-9CE9-5A6728A0D744}.Debug|x64.Build.0 = Debug|Any CPU
		{44F88FE0-A6C1-497A-9CE9-5A6728A0D744}.Debug|x86.ActiveCfg = Debug|Any CPU
		{44F88FE0-A6C1-497A-9CE9-5A6728A0D744}.Debug|x86.Build.0 = Debug|Any CPU
		{44F88FE0-A6C1-497A-9CE9-5A6728A0D744}.Release|Any CPU.ActiveCfg = Release|Any CPU
		{44F88FE0-A6C1-497A-9CE9-5A6728A0D744}.Release|Any CPU.Build.0 = Release|Any CPU
		{44F88FE0-A6C1-497A-9CE9-5A6728A0D744}.Release|x64.ActiveCfg = Release|Any CPU
		{44F88FE0-A6C1-497A-9CE9-5A6728A0D744}.Release|x64.Build.0 = Release|Any CPU
		{44F88FE0-A6C1-497A-9CE9-5A6728A0D744}.Release|x86.ActiveCfg = Release|Any CPU
		{44F88FE0-A6C1-497A-9CE9-5A6728A0D744}.Release|x86.Build.0 = Release|Any CPU
		{ECF457DD-D472-4B49-A8FF-526FEC249454}.Debug|Any CPU.ActiveCfg = Debug|Any CPU
		{ECF457DD-D472-4B49-A8FF-526FEC249454}.Debug|Any CPU.Build.0 = Debug|Any CPU
		{ECF457DD-D472-4B49-A8FF-526FEC249454}.Debug|x64.ActiveCfg = Debug|Any CPU
		{ECF457DD-D472-4B49-A8FF-526FEC249454}.Debug|x64.Build.0 = Debug|Any CPU
		{ECF457DD-D472-4B49-A8FF-526FEC249454}.Debug|x86.ActiveCfg = Debug|Any CPU
		{ECF457DD-D472-4B49-A8FF-526FEC249454}.Debug|x86.Build.0 = Debug|Any CPU
		{ECF457DD-D472-4B49-A8FF-526FEC249454}.Release|Any CPU.ActiveCfg = Release|Any CPU
		{ECF457DD-D472-4B49-A8FF-526FEC249454}.Release|Any CPU.Build.0 = Release|Any CPU
		{ECF457DD-D472-4B49-A8FF-526FEC249454}.Release|x64.ActiveCfg = Release|Any CPU
		{ECF457DD-D472-4B49-A8FF-526FEC249454}.Release|x64.Build.0 = Release|Any CPU
		{ECF457DD-D472-4B49-A8FF-526FEC249454}.Release|x86.ActiveCfg = Release|Any CPU
		{ECF457DD-D472-4B49-A8FF-526FEC249454}.Release|x86.Build.0 = Release|Any CPU
		{17660BDC-DFCC-498F-AA28-E1A511C72236}.Debug|Any CPU.ActiveCfg = Debug|Any CPU
		{17660BDC-DFCC-498F-AA28-E1A511C72236}.Debug|Any CPU.Build.0 = Debug|Any CPU
		{17660BDC-DFCC-498F-AA28-E1A511C72236}.Debug|x64.ActiveCfg = Debug|Any CPU
		{17660BDC-DFCC-498F-AA28-E1A511C72236}.Debug|x64.Build.0 = Debug|Any CPU
		{17660BDC-DFCC-498F-AA28-E1A511C72236}.Debug|x86.ActiveCfg = Debug|Any CPU
		{17660BDC-DFCC-498F-AA28-E1A511C72236}.Debug|x86.Build.0 = Debug|Any CPU
		{17660BDC-DFCC-498F-AA28-E1A511C72236}.Release|Any CPU.ActiveCfg = Release|Any CPU
		{17660BDC-DFCC-498F-AA28-E1A511C72236}.Release|Any CPU.Build.0 = Release|Any CPU
		{17660BDC-DFCC-498F-AA28-E1A511C72236}.Release|x64.ActiveCfg = Release|Any CPU
		{17660BDC-DFCC-498F-AA28-E1A511C72236}.Release|x64.Build.0 = Release|Any CPU
		{17660BDC-DFCC-498F-AA28-E1A511C72236}.Release|x86.ActiveCfg = Release|Any CPU
		{17660BDC-DFCC-498F-AA28-E1A511C72236}.Release|x86.Build.0 = Release|Any CPU
		{D2A480E2-9DF1-4D1C-BC5E-0D5F9DBC8A27}.Debug|Any CPU.ActiveCfg = Debug|Any CPU
		{D2A480E2-9DF1-4D1C-BC5E-0D5F9DBC8A27}.Debug|Any CPU.Build.0 = Debug|Any CPU
		{D2A480E2-9DF1-4D1C-BC5E-0D5F9DBC8A27}.Debug|x64.ActiveCfg = Debug|Any CPU
		{D2A480E2-9DF1-4D1C-BC5E-0D5F9DBC8A27}.Debug|x64.Build.0 = Debug|Any CPU
		{D2A480E2-9DF1-4D1C-BC5E-0D5F9DBC8A27}.Debug|x86.ActiveCfg = Debug|Any CPU
		{D2A480E2-9DF1-4D1C-BC5E-0D5F9DBC8A27}.Debug|x86.Build.0 = Debug|Any CPU
		{D2A480E2-9DF1-4D1C-BC5E-0D5F9DBC8A27}.Release|Any CPU.ActiveCfg = Release|Any CPU
		{D2A480E2-9DF1-4D1C-BC5E-0D5F9DBC8A27}.Release|Any CPU.Build.0 = Release|Any CPU
		{D2A480E2-9DF1-4D1C-BC5E-0D5F9DBC8A27}.Release|x64.ActiveCfg = Release|Any CPU
		{D2A480E2-9DF1-4D1C-BC5E-0D5F9DBC8A27}.Release|x64.Build.0 = Release|Any CPU
		{D2A480E2-9DF1-4D1C-BC5E-0D5F9DBC8A27}.Release|x86.ActiveCfg = Release|Any CPU
		{D2A480E2-9DF1-4D1C-BC5E-0D5F9DBC8A27}.Release|x86.Build.0 = Release|Any CPU
		{6A1EA102-C647-4404-A7FC-82FB15D975C9}.Debug|Any CPU.ActiveCfg = Debug|Any CPU
		{6A1EA102-C647-4404-A7FC-82FB15D975C9}.Debug|Any CPU.Build.0 = Debug|Any CPU
		{6A1EA102-C647-4404-A7FC-82FB15D975C9}.Debug|x64.ActiveCfg = Debug|Any CPU
		{6A1EA102-C647-4404-A7FC-82FB15D975C9}.Debug|x64.Build.0 = Debug|Any CPU
		{6A1EA102-C647-4404-A7FC-82FB15D975C9}.Debug|x86.ActiveCfg = Debug|Any CPU
		{6A1EA102-C647-4404-A7FC-82FB15D975C9}.Debug|x86.Build.0 = Debug|Any CPU
		{6A1EA102-C647-4404-A7FC-82FB15D975C9}.Release|Any CPU.ActiveCfg = Release|Any CPU
		{6A1EA102-C647-4404-A7FC-82FB15D975C9}.Release|Any CPU.Build.0 = Release|Any CPU
		{6A1EA102-C647-4404-A7FC-82FB15D975C9}.Release|x64.ActiveCfg = Release|Any CPU
		{6A1EA102-C647-4404-A7FC-82FB15D975C9}.Release|x64.Build.0 = Release|Any CPU
		{6A1EA102-C647-4404-A7FC-82FB15D975C9}.Release|x86.ActiveCfg = Release|Any CPU
		{6A1EA102-C647-4404-A7FC-82FB15D975C9}.Release|x86.Build.0 = Release|Any CPU
		{7210B2C7-011D-462B-B0D5-27DB5DE5A704}.Debug|Any CPU.ActiveCfg = Debug|Any CPU
		{7210B2C7-011D-462B-B0D5-27DB5DE5A704}.Debug|Any CPU.Build.0 = Debug|Any CPU
		{7210B2C7-011D-462B-B0D5-27DB5DE5A704}.Debug|x64.ActiveCfg = Debug|Any CPU
		{7210B2C7-011D-462B-B0D5-27DB5DE5A704}.Debug|x64.Build.0 = Debug|Any CPU
		{7210B2C7-011D-462B-B0D5-27DB5DE5A704}.Debug|x86.ActiveCfg = Debug|Any CPU
		{7210B2C7-011D-462B-B0D5-27DB5DE5A704}.Debug|x86.Build.0 = Debug|Any CPU
		{7210B2C7-011D-462B-B0D5-27DB5DE5A704}.Release|Any CPU.ActiveCfg = Release|Any CPU
		{7210B2C7-011D-462B-B0D5-27DB5DE5A704}.Release|Any CPU.Build.0 = Release|Any CPU
		{7210B2C7-011D-462B-B0D5-27DB5DE5A704}.Release|x64.ActiveCfg = Release|Any CPU
		{7210B2C7-011D-462B-B0D5-27DB5DE5A704}.Release|x64.Build.0 = Release|Any CPU
		{7210B2C7-011D-462B-B0D5-27DB5DE5A704}.Release|x86.ActiveCfg = Release|Any CPU
		{7210B2C7-011D-462B-B0D5-27DB5DE5A704}.Release|x86.Build.0 = Release|Any CPU
	EndGlobalSection
	GlobalSection(SolutionProperties) = preSolution
		HideSolutionNode = FALSE
	EndGlobalSection
	GlobalSection(NestedProjects) = preSolution
		{7210B2C7-011D-462B-B0D5-27DB5DE5A704} = {1B344C12-8183-67D2-8517-2609FFAC47E2}
	EndGlobalSection
EndGlobal
